
Microsoft Visual Studio Solution File, Format Version 12.00
# Visual Studio Version 16
VisualStudioVersion = 16.0.29519.181
MinimumVisualStudioVersion = 10.0.40219.1
Project("{FAE04EC0-301F-11D3-BF4B-00C04F79EFBC}") = "OldMaid2", "OldMaid2.csproj", "{0AAC64D2-D998-4A3F-8586-346747908F1F}"
EndProject
Global
	GlobalSection(SolutionConfigurationPlatforms) = preSolution
		Debug|Any CPU = Debug|Any CPU
		Release|Any CPU = Release|Any CPU
	EndGlobalSection
	GlobalSection(ProjectConfigurationPlatforms) = postSolution
		{0AAC64D2-D998-4A3F-8586-346747908F1F}.Debug|Any CPU.ActiveCfg = Debug|Any CPU
		{0AAC64D2-D998-4A3F-8586-346747908F1F}.Debug|Any CPU.Build.0 = Debug|Any CPU
		{0AAC64D2-D998-4A3F-8586-346747908F1F}.Release|Any CPU.ActiveCfg = Release|Any CPU
		{0AAC64D2-D998-4A3F-8586-346747908F1F}.Release|Any CPU.Build.0 = Release|Any CPU
	EndGlobalSection
	GlobalSection(SolutionProperties) = preSolution
		HideSolutionNode = FALSE
	EndGlobalSection
	GlobalSection(ExtensibilityGlobals) = postSolution
		SolutionGuid = {3581FFF8-926E-4208-A491-221186F7A502}
	EndGlobalSection
EndGlobal
